
Microsoft Visual Studio Solution File, Format Version 12.00
# Visual Studio 14
VisualStudioVersion = 14.0.24720.0
MinimumVisualStudioVersion = 10.0.40219.1
Project("{FAE04EC0-301F-11D3-BF4B-00C04F79EFBC}") = "TextDataGenerator", "TextDataGenerator\TextDataGenerator.csproj", "{C290EC80-99B1-4576-A83B-DB2A2317890C}"
EndProject
Project("{FAE04EC0-301F-11D3-BF4B-00C04F79EFBC}") = "TextDataGenerator.Tests", "TextDataGenerator.Tests\TextDataGenerator.Tests.csproj", "{B031F191-FCAE-40E9-A075-E7802DB0B0E5}"
EndProject
Global
	GlobalSection(SolutionConfigurationPlatforms) = preSolution
		Debug|Any CPU = Debug|Any CPU
		Release|Any CPU = Release|Any CPU
	EndGlobalSection
	GlobalSection(ProjectConfigurationPlatforms) = postSolution
		{C290EC80-99B1-4576-A83B-DB2A2317890C}.Debug|Any CPU.ActiveCfg = Debug|Any CPU
		{C290EC80-99B1-4576-A83B-DB2A2317890C}.Debug|Any CPU.Build.0 = Debug|Any CPU
		{C290EC80-99B1-4576-A83B-DB2A2317890C}.Release|Any CPU.ActiveCfg = Release|Any CPU
		{C290EC80-99B1-4576-A83B-DB2A2317890C}.Release|Any CPU.Build.0 = Release|Any CPU
		{B031F191-FCAE-40E9-A075-E7802DB0B0E5}.Debug|Any CPU.ActiveCfg = Debug|Any CPU
		{B031F191-FCAE-40E9-A075-E7802DB0B0E5}.Debug|Any CPU.Build.0 = Debug|Any CPU
		{B031F191-FCAE-40E9-A075-E7802DB0B0E5}.Release|Any CPU.ActiveCfg = Release|Any CPU
		{B031F191-FCAE-40E9-A075-E7802DB0B0E5}.Release|Any CPU.Build.0 = Release|Any CPU
	EndGlobalSection
	GlobalSection(SolutionProperties) = preSolution
		HideSolutionNode = FALSE
	EndGlobalSection
EndGlobal
